
Microsoft Visual Studio Solution File, Format Version 12.00
# Visual Studio Version 16
VisualStudioVersion = 16.0.29025.244
MinimumVisualStudioVersion = 10.0.40219.1
Project("{FAE04EC0-301F-11D3-BF4B-00C04F79EFBC}") = "Prueba EF", "Prueba EF\Prueba EF.csproj", "{C9BD43BA-E906-43E0-9ABF-1C8B998DBEEA}"
EndProject
Global
	GlobalSection(SolutionConfigurationPlatforms) = preSolution
		Debug|Any CPU = Debug|Any CPU
		Release|Any CPU = Release|Any CPU
	EndGlobalSection
	GlobalSection(ProjectConfigurationPlatforms) = postSolution
		{C9BD43BA-E906-43E0-9ABF-1C8B998DBEEA}.Debug|Any CPU.ActiveCfg = Debug|Any CPU
		{C9BD43BA-E906-43E0-9ABF-1C8B998DBEEA}.Debug|Any CPU.Build.0 = Debug|Any CPU
		{C9BD43BA-E906-43E0-9ABF-1C8B998DBEEA}.Release|Any CPU.ActiveCfg = Release|Any CPU
		{C9BD43BA-E906-43E0-9ABF-1C8B998DBEEA}.Release|Any CPU.Build.0 = Release|Any CPU
	EndGlobalSection
	GlobalSection(SolutionProperties) = preSolution
		HideSolutionNode = FALSE
	EndGlobalSection
	GlobalSection(ExtensibilityGlobals) = postSolution
		SolutionGuid = {2A2BA2CB-ED97-4FCA-A605-EB01D9B8C671}
	EndGlobalSection
EndGlobal
